// !$*UTF8*$!
{
	archiveVersion = 1;
	classes = {
	};
	objectVersion = 56;
	objects = {

/* Begin PBXBuildFile section */
		CED4EA6D2AA60BF500D5A00C /* AppDelegate.swift in Sources */ = {isa = PBXBuildFile; fileRef = CED4EA6C2AA60BF500D5A00C /* AppDelegate.swift */; };
		CED4EA6F2AA60BF500D5A00C /* SceneDelegate.swift in Sources */ = {isa = PBXBuildFile; fileRef = CED4EA6E2AA60BF500D5A00C /* SceneDelegate.swift */; };
		CED4EA712AA60BF500D5A00C /* HotelVC.swift in Sources */ = {isa = PBXBuildFile; fileRef = CED4EA702AA60BF500D5A00C /* HotelVC.swift */; };
		CED4EA762AA60BF800D5A00C /* Assets.xcassets in Resources */ = {isa = PBXBuildFile; fileRef = CED4EA752AA60BF800D5A00C /* Assets.xcassets */; };
		CED4EA792AA60BF800D5A00C /* LaunchScreen.storyboard in Resources */ = {isa = PBXBuildFile; fileRef = CED4EA772AA60BF800D5A00C /* LaunchScreen.storyboard */; };
		CED4EA822AA6FEAC00D5A00C /* DetailHotelCell.swift in Sources */ = {isa = PBXBuildFile; fileRef = CED4EA812AA6FEAC00D5A00C /* DetailHotelCell.swift */; };
		CED4EA842AA6FEF000D5A00C /* DataHotelCell.swift in Sources */ = {isa = PBXBuildFile; fileRef = CED4EA832AA6FEF000D5A00C /* DataHotelCell.swift */; };
		CED4EA862AA6FF2F00D5A00C /* ButtonCell.swift in Sources */ = {isa = PBXBuildFile; fileRef = CED4EA852AA6FF2F00D5A00C /* ButtonCell.swift */; };
		CED4EA892AA7044C00D5A00C /* NetworkServices.swift in Sources */ = {isa = PBXBuildFile; fileRef = CED4EA882AA7044C00D5A00C /* NetworkServices.swift */; };
		CED4EA8B2AA7085700D5A00C /* DownloadImage.swift in Sources */ = {isa = PBXBuildFile; fileRef = CED4EA8A2AA7085700D5A00C /* DownloadImage.swift */; };
		CED4EA8D2AA714CE00D5A00C /* HotelVCPresenter.swift in Sources */ = {isa = PBXBuildFile; fileRef = CED4EA8C2AA714CE00D5A00C /* HotelVCPresenter.swift */; };
/* End PBXBuildFile section */

/* Begin PBXFileReference section */
		CED4EA692AA60BF500D5A00C /* hotelRes.app */ = {isa = PBXFileReference; explicitFileType = wrapper.application; includeInIndex = 0; path = hotelRes.app; sourceTree = BUILT_PRODUCTS_DIR; };
		CED4EA6C2AA60BF500D5A00C /* AppDelegate.swift */ = {isa = PBXFileReference; lastKnownFileType = sourcecode.swift; path = AppDelegate.swift; sourceTree = "<group>"; };
		CED4EA6E2AA60BF500D5A00C /* SceneDelegate.swift */ = {isa = PBXFileReference; lastKnownFileType = sourcecode.swift; path = SceneDelegate.swift; sourceTree = "<group>"; };
		CED4EA702AA60BF500D5A00C /* HotelVC.swift */ = {isa = PBXFileReference; lastKnownFileType = sourcecode.swift; path = HotelVC.swift; sourceTree = "<group>"; };
		CED4EA752AA60BF800D5A00C /* Assets.xcassets */ = {isa = PBXFileReference; lastKnownFileType = folder.assetcatalog; path = Assets.xcassets; sourceTree = "<group>"; };
		CED4EA782AA60BF800D5A00C /* Base */ = {isa = PBXFileReference; lastKnownFileType = file.storyboard; name = Base; path = Base.lproj/LaunchScreen.storyboard; sourceTree = "<group>"; };
		CED4EA7A2AA60BF800D5A00C /* Info.plist */ = {isa = PBXFileReference; lastKnownFileType = text.plist.xml; path = Info.plist; sourceTree = "<group>"; };
		CED4EA812AA6FEAC00D5A00C /* DetailHotelCell.swift */ = {isa = PBXFileReference; lastKnownFileType = sourcecode.swift; path = DetailHotelCell.swift; sourceTree = "<group>"; };
		CED4EA832AA6FEF000D5A00C /* DataHotelCell.swift */ = {isa = PBXFileReference; lastKnownFileType = sourcecode.swift; path = DataHotelCell.swift; sourceTree = "<group>"; };
		CED4EA852AA6FF2F00D5A00C /* ButtonCell.swift */ = {isa = PBXFileReference; lastKnownFileType = sourcecode.swift; path = ButtonCell.swift; sourceTree = "<group>"; };
		CED4EA882AA7044C00D5A00C /* NetworkServices.swift */ = {isa = PBXFileReference; lastKnownFileType = sourcecode.swift; path = NetworkServices.swift; sourceTree = "<group>"; };
		CED4EA8A2AA7085700D5A00C /* DownloadImage.swift */ = {isa = PBXFileReference; fileEncoding = 4; lastKnownFileType = sourcecode.swift; path = DownloadImage.swift; sourceTree = "<group>"; };
		CED4EA8C2AA714CE00D5A00C /* HotelVCPresenter.swift */ = {isa = PBXFileReference; lastKnownFileType = sourcecode.swift; path = HotelVCPresenter.swift; sourceTree = "<group>"; };
/* End PBXFileReference section */

/* Begin PBXFrameworksBuildPhase section */
		CED4EA662AA60BF500D5A00C /* Frameworks */ = {
			isa = PBXFrameworksBuildPhase;
			buildActionMask = 2147483647;
			files = (
			);
			runOnlyForDeploymentPostprocessing = 0;
		};
/* End PBXFrameworksBuildPhase section */

/* Begin PBXGroup section */
		CED4EA602AA60BF500D5A00C = {
			isa = PBXGroup;
			children = (
				CED4EA6B2AA60BF500D5A00C /* hotelRes */,
				CED4EA6A2AA60BF500D5A00C /* Products */,
			);
			sourceTree = "<group>";
		};
		CED4EA6A2AA60BF500D5A00C /* Products */ = {
			isa = PBXGroup;
			children = (
				CED4EA692AA60BF500D5A00C /* hotelRes.app */,
			);
			name = Products;
			sourceTree = "<group>";
		};
		CED4EA6B2AA60BF500D5A00C /* hotelRes */ = {
			isa = PBXGroup;
			children = (
				CED4EA872AA7042C00D5A00C /* Services */,
				CED4EA802AA6FD7B00D5A00C /* Hotel */,
				CED4EA6C2AA60BF500D5A00C /* AppDelegate.swift */,
				CED4EA6E2AA60BF500D5A00C /* SceneDelegate.swift */,
				CED4EA752AA60BF800D5A00C /* Assets.xcassets */,
				CED4EA772AA60BF800D5A00C /* LaunchScreen.storyboard */,
				CED4EA7A2AA60BF800D5A00C /* Info.plist */,
			);
			path = hotelRes;
			sourceTree = "<group>";
		};
		CED4EA802AA6FD7B00D5A00C /* Hotel */ = {
			isa = PBXGroup;
			children = (
				CED4EA702AA60BF500D5A00C /* HotelVC.swift */,
				CED4EA8C2AA714CE00D5A00C /* HotelVCPresenter.swift */,
				CED4EA832AA6FEF000D5A00C /* DataHotelCell.swift */,
				CED4EA812AA6FEAC00D5A00C /* DetailHotelCell.swift */,
				CED4EA852AA6FF2F00D5A00C /* ButtonCell.swift */,
			);
			path = Hotel;
			sourceTree = "<group>";
		};
		CED4EA872AA7042C00D5A00C /* Services */ = {
			isa = PBXGroup;
			children = (
				CED4EA8A2AA7085700D5A00C /* DownloadImage.swift */,
				CED4EA882AA7044C00D5A00C /* NetworkServices.swift */,
			);
			path = Services;
			sourceTree = "<group>";
		};
/* End PBXGroup section */

/* Begin PBXNativeTarget section */
		CED4EA682AA60BF500D5A00C /* hotelRes */ = {
			isa = PBXNativeTarget;
			buildConfigurationList = CED4EA7D2AA60BF800D5A00C /* Build configuration list for PBXNativeTarget "hotelRes" */;
			buildPhases = (
				CED4EA652AA60BF500D5A00C /* Sources */,
				CED4EA662AA60BF500D5A00C /* Frameworks */,
				CED4EA672AA60BF500D5A00C /* Resources */,
			);
			buildRules = (
			);
			dependencies = (
			);
			name = hotelRes;
			productName = hotelRes;
			productReference = CED4EA692AA60BF500D5A00C /* hotelRes.app */;
			productType = "com.apple.product-type.application";
		};
/* End PBXNativeTarget section */

/* Begin PBXProject section */
		CED4EA612AA60BF500D5A00C /* Project object */ = {
			isa = PBXProject;
			attributes = {
				BuildIndependentTargetsInParallel = 1;
				LastSwiftUpdateCheck = 1410;
				LastUpgradeCheck = 1410;
				TargetAttributes = {
					CED4EA682AA60BF500D5A00C = {
						CreatedOnToolsVersion = 14.1;
					};
				};
			};
			buildConfigurationList = CED4EA642AA60BF500D5A00C /* Build configuration list for PBXProject "hotelRes" */;
			compatibilityVersion = "Xcode 14.0";
			developmentRegion = en;
			hasScannedForEncodings = 0;
			knownRegions = (
				en,
				Base,
			);
			mainGroup = CED4EA602AA60BF500D5A00C;
			productRefGroup = CED4EA6A2AA60BF500D5A00C /* Products */;
			projectDirPath = "";
			projectRoot = "";
			targets = (
				CED4EA682AA60BF500D5A00C /* hotelRes */,
			);
		};
/* End PBXProject section */

/* Begin PBXResourcesBuildPhase section */
		CED4EA672AA60BF500D5A00C /* Resources */ = {
			isa = PBXResourcesBuildPhase;
			buildActionMask = 2147483647;
			files = (
				CED4EA792AA60BF800D5A00C /* LaunchScreen.storyboard in Resources */,
				CED4EA762AA60BF800D5A00C /* Assets.xcassets in Resources */,
			);
			runOnlyForDeploymentPostprocessing = 0;
		};
/* End PBXResourcesBuildPhase section */

/* Begin PBXSourcesBuildPhase section */
		CED4EA652AA60BF500D5A00C /* Sources */ = {
			isa = PBXSourcesBuildPhase;
			buildActionMask = 2147483647;
			files = (
				CED4EA712AA60BF500D5A00C /* HotelVC.swift in Sources */,
				CED4EA8B2AA7085700D5A00C /* DownloadImage.swift in Sources */,
				CED4EA6D2AA60BF500D5A00C /* AppDelegate.swift in Sources */,
				CED4EA842AA6FEF000D5A00C /* DataHotelCell.swift in Sources */,
				CED4EA6F2AA60BF500D5A00C /* SceneDelegate.swift in Sources */,
				CED4EA892AA7044C00D5A00C /* NetworkServices.swift in Sources */,
				CED4EA8D2AA714CE00D5A00C /* HotelVCPresenter.swift in Sources */,
				CED4EA822AA6FEAC00D5A00C /* DetailHotelCell.swift in Sources */,
				CED4EA862AA6FF2F00D5A00C /* ButtonCell.swift in Sources */,
			);
			runOnlyForDeploymentPostprocessing = 0;
		};
/* End PBXSourcesBuildPhase section */

/* Begin PBXVariantGroup section */
		CED4EA772AA60BF800D5A00C /* LaunchScreen.storyboard */ = {
			isa = PBXVariantGroup;
			children = (
				CED4EA782AA60BF800D5A00C /* Base */,
			);
			name = LaunchScreen.storyboard;
			sourceTree = "<group>";
		};
/* End PBXVariantGroup section */

/* Begin XCBuildConfiguration section */
		CED4EA7B2AA60BF800D5A00C /* Debug */ = {
			isa = XCBuildConfiguration;
			buildSettings = {
				ALWAYS_SEARCH_USER_PATHS = NO;
				CLANG_ANALYZER_NONNULL = YES;
				CLANG_ANALYZER_NUMBER_OBJECT_CONVERSION = YES_AGGRESSIVE;
				CLANG_CXX_LANGUAGE_STANDARD = "gnu++20";
				CLANG_ENABLE_MODULES = YES;
				CLANG_ENABLE_OBJC_ARC = YES;
				CLANG_ENABLE_OBJC_WEAK = YES;
				CLANG_WARN_BLOCK_CAPTURE_AUTORELEASING = YES;
				CLANG_WARN_BOOL_CONVERSION = YES;
				CLANG_WARN_COMMA = YES;
				CLANG_WARN_CONSTANT_CONVERSION = YES;
				CLANG_WARN_DEPRECATED_OBJC_IMPLEMENTATIONS = YES;
				CLANG_WARN_DIRECT_OBJC_ISA_USAGE = YES_ERROR;
				CLANG_WARN_DOCUMENTATION_COMMENTS = YES;
				CLANG_WARN_EMPTY_BODY = YES;
				CLANG_WARN_ENUM_CONVERSION = YES;
				CLANG_WARN_INFINITE_RECURSION = YES;
				CLANG_WARN_INT_CONVERSION = YES;
				CLANG_WARN_NON_LITERAL_NULL_CONVERSION = YES;
				CLANG_WARN_OBJC_IMPLICIT_RETAIN_SELF = YES;
				CLANG_WARN_OBJC_LITERAL_CONVERSION = YES;
				CLANG_WARN_OBJC_ROOT_CLASS = YES_ERROR;
				CLANG_WARN_QUOTED_INCLUDE_IN_FRAMEWORK_HEADER = YES;
				CLANG_WARN_RANGE_LOOP_ANALYSIS = YES;
				CLANG_WARN_STRICT_PROTOTYPES = YES;
				CLANG_WARN_SUSPICIOUS_MOVE = YES;
				CLANG_WARN_UNGUARDED_AVAILABILITY = YES_AGGRESSIVE;
				CLANG_WARN_UNREACHABLE_CODE = YES;
				CLANG_WARN__DUPLICATE_METHOD_MATCH = YES;
				COPY_PHASE_STRIP = NO;
				DEBUG_INFORMATION_FORMAT = dwarf;
				ENABLE_STRICT_OBJC_MSGSEND = YES;
				ENABLE_TESTABILITY = YES;
				GCC_C_LANGUAGE_STANDARD = gnu11;
				GCC_DYNAMIC_NO_PIC = NO;
				GCC_NO_COMMON_BLOCKS = YES;
				GCC_OPTIMIZATION_LEVEL = 0;
				GCC_PREPROCESSOR_DEFINITIONS = (
					"DEBUG=1",
					"$(inherited)",
				);
				GCC_WARN_64_TO_32_BIT_CONVERSION = YES;
				GCC_WARN_ABOUT_RETURN_TYPE = YES_ERROR;
				GCC_WARN_UNDECLARED_SELECTOR = YES;
				GCC_WARN_UNINITIALIZED_AUTOS = YES_AGGRESSIVE;
				GCC_WARN_UNUSED_FUNCTION = YES;
				GCC_WARN_UNUSED_VARIABLE = YES;
				IPHONEOS_DEPLOYMENT_TARGET = 16.1;
				MTL_ENABLE_DEBUG_INFO = INCLUDE_SOURCE;
				MTL_FAST_MATH = YES;
				ONLY_ACTIVE_ARCH = YES;
				SDKROOT = iphoneos;
				SWIFT_ACTIVE_COMPILATION_CONDITIONS = DEBUG;
				SWIFT_OPTIMIZATION_LEVEL = "-Onone";
			};
			name = Debug;
		};
		CED4EA7C2AA60BF800D5A00C /* Release */ = {
			isa = XCBuildConfiguration;
			buildSettings = {
				ALWAYS_SEARCH_USER_PATHS = NO;
				CLANG_ANALYZER_NONNULL = YES;
				CLANG_ANALYZER_NUMBER_OBJECT_CONVERSION = YES_AGGRESSIVE;
				CLANG_CXX_LANGUAGE_STANDARD = "gnu++20";
				CLANG_ENABLE_MODULES = YES;
				CLANG_ENABLE_OBJC_ARC = YES;
				CLANG_ENABLE_OBJC_WEAK = YES;
				CLANG_WARN_BLOCK_CAPTURE_AUTORELEASING = YES;
				CLANG_WARN_BOOL_CONVERSION = YES;
				CLANG_WARN_COMMA = YES;
				CLANG_WARN_CONSTANT_CONVERSION = YES;
				CLANG_WARN_DEPRECATED_OBJC_IMPLEMENTATIONS = YES;
				CLANG_WARN_DIRECT_OBJC_ISA_USAGE = YES_ERROR;
				CLANG_WARN_DOCUMENTATION_COMMENTS = YES;
				CLANG_WARN_EMPTY_BODY = YES;
				CLANG_WARN_ENUM_CONVERSION = YES;
				CLANG_WARN_INFINITE_RECURSION = YES;
				CLANG_WARN_INT_CONVERSION = YES;
				CLANG_WARN_NON_LITERAL_NULL_CONVERSION = YES;
				CLANG_WARN_OBJC_IMPLICIT_RETAIN_SELF = YES;
				CLANG_WARN_OBJC_LITERAL_CONVERSION = YES;
				CLANG_WARN_OBJC_ROOT_CLASS = YES_ERROR;
				CLANG_WARN_QUOTED_INCLUDE_IN_FRAMEWORK_HEADER = YES;
				CLANG_WARN_RANGE_LOOP_ANALYSIS = YES;
				CLANG_WARN_STRICT_PROTOTYPES = YES;
				CLANG_WARN_SUSPICIOUS_MOVE = YES;
				CLANG_WARN_UNGUARDED_AVAILABILITY = YES_AGGRESSIVE;
				CLANG_WARN_UNREACHABLE_CODE = YES;
				CLANG_WARN__DUPLICATE_METHOD_MATCH = YES;
				COPY_PHASE_STRIP = NO;
				DEBUG_INFORMATION_FORMAT = "dwarf-with-dsym";
				ENABLE_NS_ASSERTIONS = NO;
				ENABLE_STRICT_OBJC_MSGSEND = YES;
				GCC_C_LANGUAGE_STANDARD = gnu11;
				GCC_NO_COMMON_BLOCKS = YES;
				GCC_WARN_64_TO_32_BIT_CONVERSION = YES;
				GCC_WARN_ABOUT_RETURN_TYPE = YES_ERROR;
				GCC_WARN_UNDECLARED_SELECTOR = YES;
				GCC_WARN_UNINITIALIZED_AUTOS = YES_AGGRESSIVE;
				GCC_WARN_UNUSED_FUNCTION = YES;
				GCC_WARN_UNUSED_VARIABLE = YES;
				IPHONEOS_DEPLOYMENT_TARGET = 16.1;
				MTL_ENABLE_DEBUG_INFO = NO;
				MTL_FAST_MATH = YES;
				SDKROOT = iphoneos;
				SWIFT_COMPILATION_MODE = wholemodule;
				SWIFT_OPTIMIZATION_LEVEL = "-O";
				VALIDATE_PRODUCT = YES;
			};
			name = Release;
		};
		CED4EA7E2AA60BF800D5A00C /* Debug */ = {
			isa = XCBuildConfiguration;
			buildSettings = {
				ASSETCATALOG_COMPILER_APPICON_NAME = AppIcon;
				ASSETCATALOG_COMPILER_GLOBAL_ACCENT_COLOR_NAME = AccentColor;
				CODE_SIGN_STYLE = Automatic;
				CURRENT_PROJECT_VERSION = 1;
				GENERATE_INFOPLIST_FILE = YES;
				INFOPLIST_FILE = hotelRes/Info.plist;
				INFOPLIST_KEY_UIApplicationSupportsIndirectInputEvents = YES;
				INFOPLIST_KEY_UILaunchStoryboardName = LaunchScreen;
				INFOPLIST_KEY_UIMainStoryboardFile = Main;
				INFOPLIST_KEY_UISupportedInterfaceOrientations_iPad = "UIInterfaceOrientationPortrait UIInterfaceOrientationPortraitUpsideDown UIInterfaceOrientationLandscapeLeft UIInterfaceOrientationLandscapeRight";
				INFOPLIST_KEY_UISupportedInterfaceOrientations_iPhone = "UIInterfaceOrientationPortrait UIInterfaceOrientationLandscapeLeft UIInterfaceOrientationLandscapeRight";
				LD_RUNPATH_SEARCH_PATHS = (
					"$(inherited)",
					"@executable_path/Frameworks",
				);
				MARKETING_VERSION = 1.0;
				PRODUCT_BUNDLE_IDENTIFIER = Students.hotelRes;
				PRODUCT_NAME = "$(TARGET_NAME)";
				SWIFT_EMIT_LOC_STRINGS = YES;
				SWIFT_VERSION = 5.0;
				TARGETED_DEVICE_FAMILY = "1,2";
			};
			name = Debug;
		};
		CED4EA7F2AA60BF800D5A00C /* Release */ = {
			isa = XCBuildConfiguration;
			buildSettings = {
				ASSETCATALOG_COMPILER_APPICON_NAME = AppIcon;
				ASSETCATALOG_COMPILER_GLOBAL_ACCENT_COLOR_NAME = AccentColor;
				CODE_SIGN_STYLE = Automatic;
				CURRENT_PROJECT_VERSION = 1;
				GENERATE_INFOPLIST_FILE = YES;
				INFOPLIST_FILE = hotelRes/Info.plist;
				INFOPLIST_KEY_UIApplicationSupportsIndirectInputEvents = YES;
				INFOPLIST_KEY_UILaunchStoryboardName = LaunchScreen;
				INFOPLIST_KEY_UIMainStoryboardFile = Main;
				INFOPLIST_KEY_UISupportedInterfaceOrientations_iPad = "UIInterfaceOrientationPortrait UIInterfaceOrientationPortraitUpsideDown UIInterfaceOrientationLandscapeLeft UIInterfaceOrientationLandscapeRight";
				INFOPLIST_KEY_UISupportedInterfaceOrientations_iPhone = "UIInterfaceOrientationPortrait UIInterfaceOrientationLandscapeLeft UIInterfaceOrientationLandscapeRight";
				LD_RUNPATH_SEARCH_PATHS = (
					"$(inherited)",
					"@executable_path/Frameworks",
				);
				MARKETING_VERSION = 1.0;
				PRODUCT_BUNDLE_IDENTIFIER = Students.hotelRes;
				PRODUCT_NAME = "$(TARGET_NAME)";
				SWIFT_EMIT_LOC_STRINGS = YES;
				SWIFT_VERSION = 5.0;
				TARGETED_DEVICE_FAMILY = "1,2";
			};
			name = Release;
		};
/* End XCBuildConfiguration section */

/* Begin XCConfigurationList section */
		CED4EA642AA60BF500D5A00C /* Build configuration list for PBXProject "hotelRes" */ = {
			isa = XCConfigurationList;
			buildConfigurations = (
				CED4EA7B2AA60BF800D5A00C /* Debug */,
				CED4EA7C2AA60BF800D5A00C /* Release */,
			);
			defaultConfigurationIsVisible = 0;
			defaultConfigurationName = Release;
		};
		CED4EA7D2AA60BF800D5A00C /* Build configuration list for PBXNativeTarget "hotelRes" */ = {
			isa = XCConfigurationList;
			buildConfigurations = (
				CED4EA7E2AA60BF800D5A00C /* Debug */,
				CED4EA7F2AA60BF800D5A00C /* Release */,
			);
			defaultConfigurationIsVisible = 0;
			defaultConfigurationName = Release;
		};
/* End XCConfigurationList section */
	};
	rootObject = CED4EA612AA60BF500D5A00C /* Project object */;
}
